// !$*UTF8*$!
{
	archiveVersion = 1;
	classes = {
	};
	objectVersion = 56;
	objects = {

/* Begin PBXBuildFile section */
		EB01ABC22B95C4E200506A40 /* AppDelegate.swift in Sources */ = {isa = PBXBuildFile; fileRef = EB01ABC12B95C4E200506A40 /* AppDelegate.swift */; };
		EB01ABC42B95C4E200506A40 /* SceneDelegate.swift in Sources */ = {isa = PBXBuildFile; fileRef = EB01ABC32B95C4E200506A40 /* SceneDelegate.swift */; };
		EB01ABC62B95C4E200506A40 /* ViewController.swift in Sources */ = {isa = PBXBuildFile; fileRef = EB01ABC52B95C4E200506A40 /* ViewController.swift */; };
		EB01ABC92B95C4E200506A40 /* Main.storyboard in Resources */ = {isa = PBXBuildFile; fileRef = EB01ABC72B95C4E200506A40 /* Main.storyboard */; };
		EB01ABCB2B95C4E300506A40 /* Assets.xcassets in Resources */ = {isa = PBXBuildFile; fileRef = EB01ABCA2B95C4E300506A40 /* Assets.xcassets */; };
		EB01ABCE2B95C4E300506A40 /* LaunchScreen.storyboard in Resources */ = {isa = PBXBuildFile; fileRef = EB01ABCC2B95C4E300506A40 /* LaunchScreen.storyboard */; };
		EB01ABD62B95C4FA00506A40 /* CustomView.xib in Resources */ = {isa = PBXBuildFile; fileRef = EB01ABD52B95C4FA00506A40 /* CustomView.xib */; };
		EB01ABD82B95C63F00506A40 /* CustomView.swift in Sources */ = {isa = PBXBuildFile; fileRef = EB01ABD72B95C63F00506A40 /* CustomView.swift */; };
		EB56AD9D2B9715D8009C9509 /* ColorHelper.swift in Sources */ = {isa = PBXBuildFile; fileRef = EB56AD9C2B9715D8009C9509 /* ColorHelper.swift */; };
/* End PBXBuildFile section */

/* Begin PBXFileReference section */
		EB01ABBE2B95C4E200506A40 /* XIBCustomView.app */ = {isa = PBXFileReference; explicitFileType = wrapper.application; includeInIndex = 0; path = XIBCustomView.app; sourceTree = BUILT_PRODUCTS_DIR; };
		EB01ABC12B95C4E200506A40 /* AppDelegate.swift */ = {isa = PBXFileReference; lastKnownFileType = sourcecode.swift; path = AppDelegate.swift; sourceTree = "<group>"; };
		EB01ABC32B95C4E200506A40 /* SceneDelegate.swift */ = {isa = PBXFileReference; lastKnownFileType = sourcecode.swift; path = SceneDelegate.swift; sourceTree = "<group>"; };
		EB01ABC52B95C4E200506A40 /* ViewController.swift */ = {isa = PBXFileReference; lastKnownFileType = sourcecode.swift; path = ViewController.swift; sourceTree = "<group>"; };
		EB01ABC82B95C4E200506A40 /* Base */ = {isa = PBXFileReference; lastKnownFileType = file.storyboard; name = Base; path = Base.lproj/Main.storyboard; sourceTree = "<group>"; };
		EB01ABCA2B95C4E300506A40 /* Assets.xcassets */ = {isa = PBXFileReference; lastKnownFileType = folder.assetcatalog; path = Assets.xcassets; sourceTree = "<group>"; };
		EB01ABCD2B95C4E300506A40 /* Base */ = {isa = PBXFileReference; lastKnownFileType = file.storyboard; name = Base; path = Base.lproj/LaunchScreen.storyboard; sourceTree = "<group>"; };
		EB01ABCF2B95C4E300506A40 /* Info.plist */ = {isa = PBXFileReference; lastKnownFileType = text.plist.xml; path = Info.plist; sourceTree = "<group>"; };
		EB01ABD52B95C4FA00506A40 /* CustomView.xib */ = {isa = PBXFileReference; lastKnownFileType = file.xib; path = CustomView.xib; sourceTree = "<group>"; };
		EB01ABD72B95C63F00506A40 /* CustomView.swift */ = {isa = PBXFileReference; lastKnownFileType = sourcecode.swift; path = CustomView.swift; sourceTree = "<group>"; };
		EB56AD9C2B9715D8009C9509 /* ColorHelper.swift */ = {isa = PBXFileReference; lastKnownFileType = sourcecode.swift; path = ColorHelper.swift; sourceTree = "<group>"; };
/* End PBXFileReference section */

/* Begin PBXFrameworksBuildPhase section */
		EB01ABBB2B95C4E200506A40 /* Frameworks */ = {
			isa = PBXFrameworksBuildPhase;
			buildActionMask = 2147483647;
			files = (
			);
			runOnlyForDeploymentPostprocessing = 0;
		};
/* End PBXFrameworksBuildPhase section */

/* Begin PBXGroup section */
		EB01ABB52B95C4E200506A40 = {
			isa = PBXGroup;
			children = (
				EB01ABC02B95C4E200506A40 /* XIBCustomView */,
				EB01ABBF2B95C4E200506A40 /* Products */,
			);
			sourceTree = "<group>";
		};
		EB01ABBF2B95C4E200506A40 /* Products */ = {
			isa = PBXGroup;
			children = (
				EB01ABBE2B95C4E200506A40 /* XIBCustomView.app */,
			);
			name = Products;
			sourceTree = "<group>";
		};
		EB01ABC02B95C4E200506A40 /* XIBCustomView */ = {
			isa = PBXGroup;
			children = (
				EB56AD9B2B9715A4009C9509 /* Design System */,
				EB01ABD52B95C4FA00506A40 /* CustomView.xib */,
				EB01ABD72B95C63F00506A40 /* CustomView.swift */,
				EB01ABC12B95C4E200506A40 /* AppDelegate.swift */,
				EB01ABC32B95C4E200506A40 /* SceneDelegate.swift */,
				EB01ABC52B95C4E200506A40 /* ViewController.swift */,
				EB01ABC72B95C4E200506A40 /* Main.storyboard */,
				EB01ABCA2B95C4E300506A40 /* Assets.xcassets */,
				EB01ABCC2B95C4E300506A40 /* LaunchScreen.storyboard */,
				EB01ABCF2B95C4E300506A40 /* Info.plist */,
			);
			path = XIBCustomView;
			sourceTree = "<group>";
		};
		EB56AD9B2B9715A4009C9509 /* Design System */ = {
			isa = PBXGroup;
			children = (
				EB56AD9C2B9715D8009C9509 /* ColorHelper.swift */,
			);
			path = "Design System";
			sourceTree = "<group>";
		};
/* End PBXGroup section */

/* Begin PBXNativeTarget section */
		EB01ABBD2B95C4E200506A40 /* XIBCustomView */ = {
			isa = PBXNativeTarget;
			buildConfigurationList = EB01ABD22B95C4E300506A40 /* Build configuration list for PBXNativeTarget "XIBCustomView" */;
			buildPhases = (
				EB01ABBA2B95C4E200506A40 /* Sources */,
				EB01ABBB2B95C4E200506A40 /* Frameworks */,
				EB01ABBC2B95C4E200506A40 /* Resources */,
			);
			buildRules = (
			);
			dependencies = (
			);
			name = XIBCustomView;
			productName = XIBCustomView;
			productReference = EB01ABBE2B95C4E200506A40 /* XIBCustomView.app */;
			productType = "com.apple.product-type.application";
		};
/* End PBXNativeTarget section */

/* Begin PBXProject section */
		EB01ABB62B95C4E200506A40 /* Project object */ = {
			isa = PBXProject;
			attributes = {
				BuildIndependentTargetsInParallel = 1;
				LastSwiftUpdateCheck = 1520;
				LastUpgradeCheck = 1520;
				TargetAttributes = {
					EB01ABBD2B95C4E200506A40 = {
						CreatedOnToolsVersion = 15.2;
					};
				};
			};
			buildConfigurationList = EB01ABB92B95C4E200506A40 /* Build configuration list for PBXProject "XIBCustomView" */;
			compatibilityVersion = "Xcode 14.0";
			developmentRegion = en;
			hasScannedForEncodings = 0;
			knownRegions = (
				en,
				Base,
			);
			mainGroup = EB01ABB52B95C4E200506A40;
			productRefGroup = EB01ABBF2B95C4E200506A40 /* Products */;
			projectDirPath = "";
			projectRoot = "";
			targets = (
				EB01ABBD2B95C4E200506A40 /* XIBCustomView */,
			);
		};
/* End PBXProject section */

/* Begin PBXResourcesBuildPhase section */
		EB01ABBC2B95C4E200506A40 /* Resources */ = {
			isa = PBXResourcesBuildPhase;
			buildActionMask = 2147483647;
			files = (
				EB01ABCE2B95C4E300506A40 /* LaunchScreen.storyboard in Resources */,
				EB01ABD62B95C4FA00506A40 /* CustomView.xib in Resources */,
				EB01ABCB2B95C4E300506A40 /* Assets.xcassets in Resources */,
				EB01ABC92B95C4E200506A40 /* Main.storyboard in Resources */,
			);
			runOnlyForDeploymentPostprocessing = 0;
		};
/* End PBXResourcesBuildPhase section */

/* Begin PBXSourcesBuildPhase section */
		EB01ABBA2B95C4E200506A40 /* Sources */ = {
			isa = PBXSourcesBuildPhase;
			buildActionMask = 2147483647;
			files = (
				EB01ABC62B95C4E200506A40 /* ViewController.swift in Sources */,
				EB56AD9D2B9715D8009C9509 /* ColorHelper.swift in Sources */,
				EB01ABD82B95C63F00506A40 /* CustomView.swift in Sources */,
				EB01ABC22B95C4E200506A40 /* AppDelegate.swift in Sources */,
				EB01ABC42B95C4E200506A40 /* SceneDelegate.swift in Sources */,
			);
			runOnlyForDeploymentPostprocessing = 0;
		};
/* End PBXSourcesBuildPhase section */

/* Begin PBXVariantGroup section */
		EB01ABC72B95C4E200506A40 /* Main.storyboard */ = {
			isa = PBXVariantGroup;
			children = (
				EB01ABC82B95C4E200506A40 /* Base */,
			);
			name = Main.storyboard;
			sourceTree = "<group>";
		};
		EB01ABCC2B95C4E300506A40 /* LaunchScreen.storyboard */ = {
			isa = PBXVariantGroup;
			children = (
				EB01ABCD2B95C4E300506A40 /* Base */,
			);
			name = LaunchScreen.storyboard;
			sourceTree = "<group>";
		};
/* End PBXVariantGroup section */

/* Begin XCBuildConfiguration section */
		EB01ABD02B95C4E300506A40 /* Debug */ = {
			isa = XCBuildConfiguration;
			buildSettings = {
				ALWAYS_SEARCH_USER_PATHS = NO;
				ASSETCATALOG_COMPILER_GENERATE_SWIFT_ASSET_SYMBOL_EXTENSIONS = YES;
				CLANG_ANALYZER_NONNULL = YES;
				CLANG_ANALYZER_NUMBER_OBJECT_CONVERSION = YES_AGGRESSIVE;
				CLANG_CXX_LANGUAGE_STANDARD = "gnu++20";
				CLANG_ENABLE_MODULES = YES;
				CLANG_ENABLE_OBJC_ARC = YES;
				CLANG_ENABLE_OBJC_WEAK = YES;
				CLANG_WARN_BLOCK_CAPTURE_AUTORELEASING = YES;
				CLANG_WARN_BOOL_CONVERSION = YES;
				CLANG_WARN_COMMA = YES;
				CLANG_WARN_CONSTANT_CONVERSION = YES;
				CLANG_WARN_DEPRECATED_OBJC_IMPLEMENTATIONS = YES;
				CLANG_WARN_DIRECT_OBJC_ISA_USAGE = YES_ERROR;
				CLANG_WARN_DOCUMENTATION_COMMENTS = YES;
				CLANG_WARN_EMPTY_BODY = YES;
				CLANG_WARN_ENUM_CONVERSION = YES;
				CLANG_WARN_INFINITE_RECURSION = YES;
				CLANG_WARN_INT_CONVERSION = YES;
				CLANG_WARN_NON_LITERAL_NULL_CONVERSION = YES;
				CLANG_WARN_OBJC_IMPLICIT_RETAIN_SELF = YES;
				CLANG_WARN_OBJC_LITERAL_CONVERSION = YES;
				CLANG_WARN_OBJC_ROOT_CLASS = YES_ERROR;
				CLANG_WARN_QUOTED_INCLUDE_IN_FRAMEWORK_HEADER = YES;
				CLANG_WARN_RANGE_LOOP_ANALYSIS = YES;
				CLANG_WARN_STRICT_PROTOTYPES = YES;
				CLANG_WARN_SUSPICIOUS_MOVE = YES;
				CLANG_WARN_UNGUARDED_AVAILABILITY = YES_AGGRESSIVE;
				CLANG_WARN_UNREACHABLE_CODE = YES;
				CLANG_WARN__DUPLICATE_METHOD_MATCH = YES;
				COPY_PHASE_STRIP = NO;
				DEBUG_INFORMATION_FORMAT = dwarf;
				ENABLE_STRICT_OBJC_MSGSEND = YES;
				ENABLE_TESTABILITY = YES;
				ENABLE_USER_SCRIPT_SANDBOXING = YES;
				GCC_C_LANGUAGE_STANDARD = gnu17;
				GCC_DYNAMIC_NO_PIC = NO;
				GCC_NO_COMMON_BLOCKS = YES;
				GCC_OPTIMIZATION_LEVEL = 0;
				GCC_PREPROCESSOR_DEFINITIONS = (
					"DEBUG=1",
					"$(inherited)",
				);
				GCC_WARN_64_TO_32_BIT_CONVERSION = YES;
				GCC_WARN_ABOUT_RETURN_TYPE = YES_ERROR;
				GCC_WARN_UNDECLARED_SELECTOR = YES;
				GCC_WARN_UNINITIALIZED_AUTOS = YES_AGGRESSIVE;
				GCC_WARN_UNUSED_FUNCTION = YES;
				GCC_WARN_UNUSED_VARIABLE = YES;
				IPHONEOS_DEPLOYMENT_TARGET = 17.2;
				LOCALIZATION_PREFERS_STRING_CATALOGS = YES;
				MTL_ENABLE_DEBUG_INFO = INCLUDE_SOURCE;
				MTL_FAST_MATH = YES;
				ONLY_ACTIVE_ARCH = YES;
				SDKROOT = iphoneos;
				SWIFT_ACTIVE_COMPILATION_CONDITIONS = "DEBUG $(inherited)";
				SWIFT_OPTIMIZATION_LEVEL = "-Onone";
			};
			name = Debug;
		};
		EB01ABD12B95C4E300506A40 /* Release */ = {
			isa = XCBuildConfiguration;
			buildSettings = {
				ALWAYS_SEARCH_USER_PATHS = NO;
				ASSETCATALOG_COMPILER_GENERATE_SWIFT_ASSET_SYMBOL_EXTENSIONS = YES;
				CLANG_ANALYZER_NONNULL = YES;
				CLANG_ANALYZER_NUMBER_OBJECT_CONVERSION = YES_AGGRESSIVE;
				CLANG_CXX_LANGUAGE_STANDARD = "gnu++20";
				CLANG_ENABLE_MODULES = YES;
				CLANG_ENABLE_OBJC_ARC = YES;
				CLANG_ENABLE_OBJC_WEAK = YES;
				CLANG_WARN_BLOCK_CAPTURE_AUTORELEASING = YES;
				CLANG_WARN_BOOL_CONVERSION = YES;
				CLANG_WARN_COMMA = YES;
				CLANG_WARN_CONSTANT_CONVERSION = YES;
				CLANG_WARN_DEPRECATED_OBJC_IMPLEMENTATIONS = YES;
				CLANG_WARN_DIRECT_OBJC_ISA_USAGE = YES_ERROR;
				CLANG_WARN_DOCUMENTATION_COMMENTS = YES;
				CLANG_WARN_EMPTY_BODY = YES;
				CLANG_WARN_ENUM_CONVERSION = YES;
				CLANG_WARN_INFINITE_RECURSION = YES;
				CLANG_WARN_INT_CONVERSION = YES;
				CLANG_WARN_NON_LITERAL_NULL_CONVERSION = YES;
				CLANG_WARN_OBJC_IMPLICIT_RETAIN_SELF = YES;
				CLANG_WARN_OBJC_LITERAL_CONVERSION = YES;
				CLANG_WARN_OBJC_ROOT_CLASS = YES_ERROR;
				CLANG_WARN_QUOTED_INCLUDE_IN_FRAMEWORK_HEADER = YES;
				CLANG_WARN_RANGE_LOOP_ANALYSIS = YES;
				CLANG_WARN_STRICT_PROTOTYPES = YES;
				CLANG_WARN_SUSPICIOUS_MOVE = YES;
				CLANG_WARN_UNGUARDED_AVAILABILITY = YES_AGGRESSIVE;
				CLANG_WARN_UNREACHABLE_CODE = YES;
				CLANG_WARN__DUPLICATE_METHOD_MATCH = YES;
				COPY_PHASE_STRIP = NO;
				DEBUG_INFORMATION_FORMAT = "dwarf-with-dsym";
				ENABLE_NS_ASSERTIONS = NO;
				ENABLE_STRICT_OBJC_MSGSEND = YES;
				ENABLE_USER_SCRIPT_SANDBOXING = YES;
				GCC_C_LANGUAGE_STANDARD = gnu17;
				GCC_NO_COMMON_BLOCKS = YES;
				GCC_WARN_64_TO_32_BIT_CONVERSION = YES;
				GCC_WARN_ABOUT_RETURN_TYPE = YES_ERROR;
				GCC_WARN_UNDECLARED_SELECTOR = YES;
				GCC_WARN_UNINITIALIZED_AUTOS = YES_AGGRESSIVE;
				GCC_WARN_UNUSED_FUNCTION = YES;
				GCC_WARN_UNUSED_VARIABLE = YES;
				IPHONEOS_DEPLOYMENT_TARGET = 17.2;
				LOCALIZATION_PREFERS_STRING_CATALOGS = YES;
				MTL_ENABLE_DEBUG_INFO = NO;
				MTL_FAST_MATH = YES;
				SDKROOT = iphoneos;
				SWIFT_COMPILATION_MODE = wholemodule;
				VALIDATE_PRODUCT = YES;
			};
			name = Release;
		};
		EB01ABD32B95C4E300506A40 /* Debug */ = {
			isa = XCBuildConfiguration;
			buildSettings = {
				ASSETCATALOG_COMPILER_APPICON_NAME = AppIcon;
				ASSETCATALOG_COMPILER_GLOBAL_ACCENT_COLOR_NAME = AccentColor;
				CODE_SIGN_STYLE = Automatic;
				CURRENT_PROJECT_VERSION = 1;
				DEVELOPMENT_TEAM = 9B88B7L532;
				GENERATE_INFOPLIST_FILE = YES;
				INFOPLIST_FILE = XIBCustomView/Info.plist;
				INFOPLIST_KEY_UIApplicationSupportsIndirectInputEvents = YES;
				INFOPLIST_KEY_UILaunchStoryboardName = LaunchScreen;
				INFOPLIST_KEY_UIMainStoryboardFile = Main;
				INFOPLIST_KEY_UISupportedInterfaceOrientations_iPad = "UIInterfaceOrientationPortrait UIInterfaceOrientationPortraitUpsideDown UIInterfaceOrientationLandscapeLeft UIInterfaceOrientationLandscapeRight";
				INFOPLIST_KEY_UISupportedInterfaceOrientations_iPhone = "UIInterfaceOrientationPortrait UIInterfaceOrientationLandscapeLeft UIInterfaceOrientationLandscapeRight";
				LD_RUNPATH_SEARCH_PATHS = (
					"$(inherited)",
					"@executable_path/Frameworks",
				);
				MARKETING_VERSION = 1.0;
				PRODUCT_BUNDLE_IDENTIFIER = com.hemeda.XIBCustomView;
				PRODUCT_NAME = "$(TARGET_NAME)";
				SWIFT_EMIT_LOC_STRINGS = YES;
				SWIFT_VERSION = 5.0;
				TARGETED_DEVICE_FAMILY = "1,2";
			};
			name = Debug;
		};
		EB01ABD42B95C4E300506A40 /* Release */ = {
			isa = XCBuildConfiguration;
			buildSettings = {
				ASSETCATALOG_COMPILER_APPICON_NAME = AppIcon;
				ASSETCATALOG_COMPILER_GLOBAL_ACCENT_COLOR_NAME = AccentColor;
				CODE_SIGN_STYLE = Automatic;
				CURRENT_PROJECT_VERSION = 1;
				DEVELOPMENT_TEAM = 9B88B7L532;
				GENERATE_INFOPLIST_FILE = YES;
				INFOPLIST_FILE = XIBCustomView/Info.plist;
				INFOPLIST_KEY_UIApplicationSupportsIndirectInputEvents = YES;
				INFOPLIST_KEY_UILaunchStoryboardName = LaunchScreen;
				INFOPLIST_KEY_UIMainStoryboardFile = Main;
				INFOPLIST_KEY_UISupportedInterfaceOrientations_iPad = "UIInterfaceOrientationPortrait UIInterfaceOrientationPortraitUpsideDown UIInterfaceOrientationLandscapeLeft UIInterfaceOrientationLandscapeRight";
				INFOPLIST_KEY_UISupportedInterfaceOrientations_iPhone = "UIInterfaceOrientationPortrait UIInterfaceOrientationLandscapeLeft UIInterfaceOrientationLandscapeRight";
				LD_RUNPATH_SEARCH_PATHS = (
					"$(inherited)",
					"@executable_path/Frameworks",
				);
				MARKETING_VERSION = 1.0;
				PRODUCT_BUNDLE_IDENTIFIER = com.hemeda.XIBCustomView;
				PRODUCT_NAME = "$(TARGET_NAME)";
				SWIFT_EMIT_LOC_STRINGS = YES;
				SWIFT_VERSION = 5.0;
				TARGETED_DEVICE_FAMILY = "1,2";
			};
			name = Release;
		};
/* End XCBuildConfiguration section */

/* Begin XCConfigurationList section */
		EB01ABB92B95C4E200506A40 /* Build configuration list for PBXProject "XIBCustomView" */ = {
			isa = XCConfigurationList;
			buildConfigurations = (
				EB01ABD02B95C4E300506A40 /* Debug */,
				EB01ABD12B95C4E300506A40 /* Release */,
			);
			defaultConfigurationIsVisible = 0;
			defaultConfigurationName = Release;
		};
		EB01ABD22B95C4E300506A40 /* Build configuration list for PBXNativeTarget "XIBCustomView" */ = {
			isa = XCConfigurationList;
			buildConfigurations = (
				EB01ABD32B95C4E300506A40 /* Debug */,
				EB01ABD42B95C4E300506A40 /* Release */,
			);
			defaultConfigurationIsVisible = 0;
			defaultConfigurationName = Release;
		};
/* End XCConfigurationList section */
	};
	rootObject = EB01ABB62B95C4E200506A40 /* Project object */;
}
