// !$*UTF8*$!
{
	archiveVersion = 1;
	classes = {
	};
	objectVersion = 60;
	objects = {

/* Begin PBXBuildFile section */
		EB01ABC22B95C4E200506A40 /* AppDelegate.swift in Sources */ = {isa = PBXBuildFile; fileRef = EB01ABC12B95C4E200506A40 /* AppDelegate.swift */; };
		EB01ABC42B95C4E200506A40 /* SceneDelegate.swift in Sources */ = {isa = PBXBuildFile; fileRef = EB01ABC32B95C4E200506A40 /* SceneDelegate.swift */; };
		EB01ABC62B95C4E200506A40 /* ViewController.swift in Sources */ = {isa = PBXBuildFile; fileRef = EB01ABC52B95C4E200506A40 /* ViewController.swift */; };
		EB01ABC92B95C4E200506A40 /* Main.storyboard in Resources */ = {isa = PBXBuildFile; fileRef = EB01ABC72B95C4E200506A40 /* Main.storyboard */; };
		EB01ABCB2B95C4E300506A40 /* Assets.xcassets in Resources */ = {isa = PBXBuildFile; fileRef = EB01ABCA2B95C4E300506A40 /* Assets.xcassets */; };
		EB01ABCE2B95C4E300506A40 /* LaunchScreen.storyboard in Resources */ = {isa = PBXBuildFile; fileRef = EB01ABCC2B95C4E300506A40 /* LaunchScreen.storyboard */; };
		EB01ABD62B95C4FA00506A40 /* CustomView.xib in Resources */ = {isa = PBXBuildFile; fileRef = EB01ABD52B95C4FA00506A40 /* CustomView.xib */; };
		EB01ABD82B95C63F00506A40 /* CustomView.swift in Sources */ = {isa = PBXBuildFile; fileRef = EB01ABD72B95C63F00506A40 /* CustomView.swift */; };
		EB0B975B2BA1E01000B98937 /* UtilityLibrary in Frameworks */ = {isa = PBXBuildFile; productRef = EB0B975A2BA1E01000B98937 /* UtilityLibrary */; };
		EB56AD9D2B9715D8009C9509 /* ColorHelper.swift in Sources */ = {isa = PBXBuildFile; fileRef = EB56AD9C2B9715D8009C9509 /* ColorHelper.swift */; };
		EB56AD9F2B972E73009C9509 /* ImageHelper.swift in Sources */ = {isa = PBXBuildFile; fileRef = EB56AD9E2B972E73009C9509 /* ImageHelper.swift */; };
		EB56ADA32B975556009C9509 /* CustomButtonView.swift in Sources */ = {isa = PBXBuildFile; fileRef = EB56ADA22B975556009C9509 /* CustomButtonView.swift */; };
		EB56ADA52B975568009C9509 /* CustomButtonView.xib in Resources */ = {isa = PBXBuildFile; fileRef = EB56ADA42B975568009C9509 /* CustomButtonView.xib */; };
		EB56ADA72B9758D0009C9509 /* CustomLogoView.swift in Sources */ = {isa = PBXBuildFile; fileRef = EB56ADA62B9758D0009C9509 /* CustomLogoView.swift */; };
		EB56ADA92B9758E1009C9509 /* CustomLogoView.xib in Resources */ = {isa = PBXBuildFile; fileRef = EB56ADA82B9758E1009C9509 /* CustomLogoView.xib */; };
		EB57F2F72BBC399300E052F8 /* CoreDataStorageManagerProtocol.swift in Sources */ = {isa = PBXBuildFile; fileRef = EB57F2F62BBC399300E052F8 /* CoreDataStorageManagerProtocol.swift */; };
		EB6734192BBAD4BD0039492F /* CoreDataStorage.xcdatamodeld in Sources */ = {isa = PBXBuildFile; fileRef = EB6734172BBAD4BD0039492F /* CoreDataStorage.xcdatamodeld */; };
		EB67341E2BBAE56C0039492F /* Product.swift in Sources */ = {isa = PBXBuildFile; fileRef = EB67341D2BBAE56C0039492F /* Product.swift */; };
		EB7A9F262BBAF3EA004ABA96 /* CoreDataStorageManager.swift in Sources */ = {isa = PBXBuildFile; fileRef = EB7A9F252BBAF3EA004ABA96 /* CoreDataStorageManager.swift */; };
		EB7A9F2C2BBAFC04004ABA96 /* ProductVM.swift in Sources */ = {isa = PBXBuildFile; fileRef = EB7A9F2B2BBAFC04004ABA96 /* ProductVM.swift */; };
		EB7A9F2E2BBAFC27004ABA96 /* ProductRemoteDataSource.swift in Sources */ = {isa = PBXBuildFile; fileRef = EB7A9F2D2BBAFC27004ABA96 /* ProductRemoteDataSource.swift */; };
		EB7A9F302BBAFD0A004ABA96 /* ProductUseCase.swift in Sources */ = {isa = PBXBuildFile; fileRef = EB7A9F2F2BBAFD0A004ABA96 /* ProductUseCase.swift */; };
		EB7A9F332BBB0EF7004ABA96 /* APIEndpoints.swift in Sources */ = {isa = PBXBuildFile; fileRef = EB7A9F322BBB0EF7004ABA96 /* APIEndpoints.swift */; };
		EB7A9F372BBB3B47004ABA96 /* ProductLocalDataSource.swift in Sources */ = {isa = PBXBuildFile; fileRef = EB7A9F362BBB3B47004ABA96 /* ProductLocalDataSource.swift */; };
		EBDC429E2BBCAF9D007DFB4A /* ProductRepository.swift in Sources */ = {isa = PBXBuildFile; fileRef = EBDC429D2BBCAF9D007DFB4A /* ProductRepository.swift */; };
		EBDC42A02BBCBD19007DFB4A /* ProductUseCaseProtocol.swift in Sources */ = {isa = PBXBuildFile; fileRef = EBDC429F2BBCBD19007DFB4A /* ProductUseCaseProtocol.swift */; };
		EBDC42A22BBCBF22007DFB4A /* ProductRepositoryProtocol.swift in Sources */ = {isa = PBXBuildFile; fileRef = EBDC42A12BBCBF22007DFB4A /* ProductRepositoryProtocol.swift */; };
		EBDC42A62BBCC1AA007DFB4A /* ProductRemoteDataSourceProtocol.swift in Sources */ = {isa = PBXBuildFile; fileRef = EBDC42A52BBCC1AA007DFB4A /* ProductRemoteDataSourceProtocol.swift */; };
		EBDC42A82BBCC21C007DFB4A /* ProductLocalDataSourceProtocol.swift in Sources */ = {isa = PBXBuildFile; fileRef = EBDC42A72BBCC21C007DFB4A /* ProductLocalDataSourceProtocol.swift */; };
		EBF48BB12BB2E4A6009CA4E0 /* PostRepository.swift in Sources */ = {isa = PBXBuildFile; fileRef = EBF48BB02BB2E4A6009CA4E0 /* PostRepository.swift */; };
		EBF48BB42BB2ED66009CA4E0 /* FetchPostsUseCase.swift in Sources */ = {isa = PBXBuildFile; fileRef = EBF48BB32BB2ED66009CA4E0 /* FetchPostsUseCase.swift */; };
		EBF48BB62BB2EDFF009CA4E0 /* PostsViewModel.swift in Sources */ = {isa = PBXBuildFile; fileRef = EBF48BB52BB2EDFF009CA4E0 /* PostsViewModel.swift */; };
		EBF48BBB2BB2F821009CA4E0 /* LoginResponse.swift in Sources */ = {isa = PBXBuildFile; fileRef = EBF48BBA2BB2F821009CA4E0 /* LoginResponse.swift */; };
		EBF48BC32BB301F8009CA4E0 /* DummyAuthRequest.swift in Sources */ = {isa = PBXBuildFile; fileRef = EBF48BC22BB301F8009CA4E0 /* DummyAuthRequest.swift */; };
		EBF48BC52BB3020A009CA4E0 /* DummyAuthRepository.swift in Sources */ = {isa = PBXBuildFile; fileRef = EBF48BC42BB3020A009CA4E0 /* DummyAuthRepository.swift */; };
		EBF48BC72BB3023A009CA4E0 /* FetchDummyAuthUseCase.swift in Sources */ = {isa = PBXBuildFile; fileRef = EBF48BC62BB3023A009CA4E0 /* FetchDummyAuthUseCase.swift */; };
		EBF48BC92BB3025D009CA4E0 /* DummyAuthViewModel.swift in Sources */ = {isa = PBXBuildFile; fileRef = EBF48BC82BB3025D009CA4E0 /* DummyAuthViewModel.swift */; };
		EBF48BCD2BB33163009CA4E0 /* Post.swift in Sources */ = {isa = PBXBuildFile; fileRef = EBF48BCC2BB33163009CA4E0 /* Post.swift */; };
/* End PBXBuildFile section */

/* Begin PBXFileReference section */
		EB01ABBE2B95C4E200506A40 /* XIBCustomView.app */ = {isa = PBXFileReference; explicitFileType = wrapper.application; includeInIndex = 0; path = XIBCustomView.app; sourceTree = BUILT_PRODUCTS_DIR; };
		EB01ABC12B95C4E200506A40 /* AppDelegate.swift */ = {isa = PBXFileReference; lastKnownFileType = sourcecode.swift; path = AppDelegate.swift; sourceTree = "<group>"; };
		EB01ABC32B95C4E200506A40 /* SceneDelegate.swift */ = {isa = PBXFileReference; lastKnownFileType = sourcecode.swift; path = SceneDelegate.swift; sourceTree = "<group>"; };
		EB01ABC52B95C4E200506A40 /* ViewController.swift */ = {isa = PBXFileReference; lastKnownFileType = sourcecode.swift; path = ViewController.swift; sourceTree = "<group>"; };
		EB01ABC82B95C4E200506A40 /* Base */ = {isa = PBXFileReference; lastKnownFileType = file.storyboard; name = Base; path = Base.lproj/Main.storyboard; sourceTree = "<group>"; };
		EB01ABCA2B95C4E300506A40 /* Assets.xcassets */ = {isa = PBXFileReference; lastKnownFileType = folder.assetcatalog; path = Assets.xcassets; sourceTree = "<group>"; };
		EB01ABCD2B95C4E300506A40 /* Base */ = {isa = PBXFileReference; lastKnownFileType = file.storyboard; name = Base; path = Base.lproj/LaunchScreen.storyboard; sourceTree = "<group>"; };
		EB01ABCF2B95C4E300506A40 /* Info.plist */ = {isa = PBXFileReference; lastKnownFileType = text.plist.xml; path = Info.plist; sourceTree = "<group>"; };
		EB01ABD52B95C4FA00506A40 /* CustomView.xib */ = {isa = PBXFileReference; lastKnownFileType = file.xib; path = CustomView.xib; sourceTree = "<group>"; };
		EB01ABD72B95C63F00506A40 /* CustomView.swift */ = {isa = PBXFileReference; lastKnownFileType = sourcecode.swift; path = CustomView.swift; sourceTree = "<group>"; };
		EB56AD9C2B9715D8009C9509 /* ColorHelper.swift */ = {isa = PBXFileReference; lastKnownFileType = sourcecode.swift; path = ColorHelper.swift; sourceTree = "<group>"; };
		EB56AD9E2B972E73009C9509 /* ImageHelper.swift */ = {isa = PBXFileReference; lastKnownFileType = sourcecode.swift; path = ImageHelper.swift; sourceTree = "<group>"; };
		EB56ADA22B975556009C9509 /* CustomButtonView.swift */ = {isa = PBXFileReference; lastKnownFileType = sourcecode.swift; path = CustomButtonView.swift; sourceTree = "<group>"; };
		EB56ADA42B975568009C9509 /* CustomButtonView.xib */ = {isa = PBXFileReference; lastKnownFileType = file.xib; path = CustomButtonView.xib; sourceTree = "<group>"; };
		EB56ADA62B9758D0009C9509 /* CustomLogoView.swift */ = {isa = PBXFileReference; lastKnownFileType = sourcecode.swift; path = CustomLogoView.swift; sourceTree = "<group>"; };
		EB56ADA82B9758E1009C9509 /* CustomLogoView.xib */ = {isa = PBXFileReference; lastKnownFileType = file.xib; path = CustomLogoView.xib; sourceTree = "<group>"; };
		EB57F2F62BBC399300E052F8 /* CoreDataStorageManagerProtocol.swift */ = {isa = PBXFileReference; lastKnownFileType = sourcecode.swift; path = CoreDataStorageManagerProtocol.swift; sourceTree = "<group>"; };
		EB6734182BBAD4BD0039492F /* CoreDataStorage.xcdatamodel */ = {isa = PBXFileReference; lastKnownFileType = wrapper.xcdatamodel; path = CoreDataStorage.xcdatamodel; sourceTree = "<group>"; };
		EB67341D2BBAE56C0039492F /* Product.swift */ = {isa = PBXFileReference; lastKnownFileType = sourcecode.swift; path = Product.swift; sourceTree = "<group>"; };
		EB7A9F252BBAF3EA004ABA96 /* CoreDataStorageManager.swift */ = {isa = PBXFileReference; lastKnownFileType = sourcecode.swift; path = CoreDataStorageManager.swift; sourceTree = "<group>"; };
		EB7A9F2B2BBAFC04004ABA96 /* ProductVM.swift */ = {isa = PBXFileReference; lastKnownFileType = sourcecode.swift; path = ProductVM.swift; sourceTree = "<group>"; };
		EB7A9F2D2BBAFC27004ABA96 /* ProductRemoteDataSource.swift */ = {isa = PBXFileReference; lastKnownFileType = sourcecode.swift; path = ProductRemoteDataSource.swift; sourceTree = "<group>"; };
		EB7A9F2F2BBAFD0A004ABA96 /* ProductUseCase.swift */ = {isa = PBXFileReference; lastKnownFileType = sourcecode.swift; path = ProductUseCase.swift; sourceTree = "<group>"; };
		EB7A9F322BBB0EF7004ABA96 /* APIEndpoints.swift */ = {isa = PBXFileReference; lastKnownFileType = sourcecode.swift; path = APIEndpoints.swift; sourceTree = "<group>"; };
		EB7A9F362BBB3B47004ABA96 /* ProductLocalDataSource.swift */ = {isa = PBXFileReference; lastKnownFileType = sourcecode.swift; path = ProductLocalDataSource.swift; sourceTree = "<group>"; };
		EBDC429D2BBCAF9D007DFB4A /* ProductRepository.swift */ = {isa = PBXFileReference; lastKnownFileType = sourcecode.swift; path = ProductRepository.swift; sourceTree = "<group>"; };
		EBDC429F2BBCBD19007DFB4A /* ProductUseCaseProtocol.swift */ = {isa = PBXFileReference; lastKnownFileType = sourcecode.swift; path = ProductUseCaseProtocol.swift; sourceTree = "<group>"; };
		EBDC42A12BBCBF22007DFB4A /* ProductRepositoryProtocol.swift */ = {isa = PBXFileReference; lastKnownFileType = sourcecode.swift; path = ProductRepositoryProtocol.swift; sourceTree = "<group>"; };
		EBDC42A52BBCC1AA007DFB4A /* ProductRemoteDataSourceProtocol.swift */ = {isa = PBXFileReference; lastKnownFileType = sourcecode.swift; path = ProductRemoteDataSourceProtocol.swift; sourceTree = "<group>"; };
		EBDC42A72BBCC21C007DFB4A /* ProductLocalDataSourceProtocol.swift */ = {isa = PBXFileReference; lastKnownFileType = sourcecode.swift; path = ProductLocalDataSourceProtocol.swift; sourceTree = "<group>"; };
		EBF48BB02BB2E4A6009CA4E0 /* PostRepository.swift */ = {isa = PBXFileReference; lastKnownFileType = sourcecode.swift; path = PostRepository.swift; sourceTree = "<group>"; };
		EBF48BB32BB2ED66009CA4E0 /* FetchPostsUseCase.swift */ = {isa = PBXFileReference; lastKnownFileType = sourcecode.swift; path = FetchPostsUseCase.swift; sourceTree = "<group>"; };
		EBF48BB52BB2EDFF009CA4E0 /* PostsViewModel.swift */ = {isa = PBXFileReference; lastKnownFileType = sourcecode.swift; path = PostsViewModel.swift; sourceTree = "<group>"; };
		EBF48BBA2BB2F821009CA4E0 /* LoginResponse.swift */ = {isa = PBXFileReference; lastKnownFileType = sourcecode.swift; path = LoginResponse.swift; sourceTree = "<group>"; };
		EBF48BC22BB301F8009CA4E0 /* DummyAuthRequest.swift */ = {isa = PBXFileReference; lastKnownFileType = sourcecode.swift; path = DummyAuthRequest.swift; sourceTree = "<group>"; };
		EBF48BC42BB3020A009CA4E0 /* DummyAuthRepository.swift */ = {isa = PBXFileReference; lastKnownFileType = sourcecode.swift; path = DummyAuthRepository.swift; sourceTree = "<group>"; };
		EBF48BC62BB3023A009CA4E0 /* FetchDummyAuthUseCase.swift */ = {isa = PBXFileReference; lastKnownFileType = sourcecode.swift; path = FetchDummyAuthUseCase.swift; sourceTree = "<group>"; };
		EBF48BC82BB3025D009CA4E0 /* DummyAuthViewModel.swift */ = {isa = PBXFileReference; lastKnownFileType = sourcecode.swift; path = DummyAuthViewModel.swift; sourceTree = "<group>"; };
		EBF48BCC2BB33163009CA4E0 /* Post.swift */ = {isa = PBXFileReference; lastKnownFileType = sourcecode.swift; path = Post.swift; sourceTree = "<group>"; };
/* End PBXFileReference section */

/* Begin PBXFrameworksBuildPhase section */
		EB01ABBB2B95C4E200506A40 /* Frameworks */ = {
			isa = PBXFrameworksBuildPhase;
			buildActionMask = 2147483647;
			files = (
				EB0B975B2BA1E01000B98937 /* UtilityLibrary in Frameworks */,
			);
			runOnlyForDeploymentPostprocessing = 0;
		};
/* End PBXFrameworksBuildPhase section */

/* Begin PBXGroup section */
		EB01ABB52B95C4E200506A40 = {
			isa = PBXGroup;
			children = (
				EB01ABC02B95C4E200506A40 /* XIBCustomView */,
				EB01ABBF2B95C4E200506A40 /* Products */,
			);
			sourceTree = "<group>";
		};
		EB01ABBF2B95C4E200506A40 /* Products */ = {
			isa = PBXGroup;
			children = (
				EB01ABBE2B95C4E200506A40 /* XIBCustomView.app */,
			);
			name = Products;
			sourceTree = "<group>";
		};
		EB01ABC02B95C4E200506A40 /* XIBCustomView */ = {
			isa = PBXGroup;
			children = (
				EB6734122BBAD3D00039492F /* Data */,
				EB56ADAB2B97654D009C9509 /* Application */,
				EBF48BA72BB2E428009CA4E0 /* Scene */,
				EB56ADAA2B97634F009C9509 /* CustomViews */,
				EB56AD9B2B9715A4009C9509 /* Design System */,
				EB2567052BA0B32B0002CD56 /* Sources */,
				EB01ABCF2B95C4E300506A40 /* Info.plist */,
			);
			path = XIBCustomView;
			sourceTree = "<group>";
		};
		EB2567052BA0B32B0002CD56 /* Sources */ = {
			isa = PBXGroup;
			children = (
				EB01ABC72B95C4E200506A40 /* Main.storyboard */,
				EB01ABCA2B95C4E300506A40 /* Assets.xcassets */,
				EB01ABCC2B95C4E300506A40 /* LaunchScreen.storyboard */,
			);
			path = Sources;
			sourceTree = "<group>";
		};
		EB56AD9B2B9715A4009C9509 /* Design System */ = {
			isa = PBXGroup;
			children = (
				EB56AD9C2B9715D8009C9509 /* ColorHelper.swift */,
				EB56AD9E2B972E73009C9509 /* ImageHelper.swift */,
			);
			path = "Design System";
			sourceTree = "<group>";
		};
		EB56ADAA2B97634F009C9509 /* CustomViews */ = {
			isa = PBXGroup;
			children = (
				EB01ABD72B95C63F00506A40 /* CustomView.swift */,
				EB01ABD52B95C4FA00506A40 /* CustomView.xib */,
				EB56ADA22B975556009C9509 /* CustomButtonView.swift */,
				EB56ADA42B975568009C9509 /* CustomButtonView.xib */,
				EB56ADA62B9758D0009C9509 /* CustomLogoView.swift */,
				EB56ADA82B9758E1009C9509 /* CustomLogoView.xib */,
			);
			path = CustomViews;
			sourceTree = "<group>";
		};
		EB56ADAB2B97654D009C9509 /* Application */ = {
			isa = PBXGroup;
			children = (
				EB01ABC12B95C4E200506A40 /* AppDelegate.swift */,
				EB01ABC32B95C4E200506A40 /* SceneDelegate.swift */,
			);
			path = Application;
			sourceTree = "<group>";
		};
		EB6734122BBAD3D00039492F /* Data */ = {
			isa = PBXGroup;
			children = (
				EB7A9F312BBB0EDE004ABA96 /* Network */,
				EB6734162BBAD49C0039492F /* CoreDataStorage */,
			);
			path = Data;
			sourceTree = "<group>";
		};
		EB6734162BBAD49C0039492F /* CoreDataStorage */ = {
			isa = PBXGroup;
			children = (
				EB6734172BBAD4BD0039492F /* CoreDataStorage.xcdatamodeld */,
				EB7A9F252BBAF3EA004ABA96 /* CoreDataStorageManager.swift */,
				EB57F2F62BBC399300E052F8 /* CoreDataStorageManagerProtocol.swift */,
			);
			path = CoreDataStorage;
			sourceTree = "<group>";
		};
		EB67341A2BBAE52C0039492F /* Products */ = {
			isa = PBXGroup;
			children = (
				EB67341C2BBAE5580039492F /* Model */,
				EB7A9F2A2BBAFA6C004ABA96 /* View */,
				EB7A9F292BBAFA64004ABA96 /* ViewModel */,
				EB7A9F282BBAFA5C004ABA96 /* UseCase */,
				EB7A9F272BBAFA53004ABA96 /* Repository */,
			);
			path = Products;
			sourceTree = "<group>";
		};
		EB67341C2BBAE5580039492F /* Model */ = {
			isa = PBXGroup;
			children = (
				EBDC429C2BBCAEDB007DFB4A /* DataSource */,
				EB67341D2BBAE56C0039492F /* Product.swift */,
			);
			path = Model;
			sourceTree = "<group>";
		};
		EB7A9F272BBAFA53004ABA96 /* Repository */ = {
			isa = PBXGroup;
			children = (
				EBDC429D2BBCAF9D007DFB4A /* ProductRepository.swift */,
				EBDC42A12BBCBF22007DFB4A /* ProductRepositoryProtocol.swift */,
			);
			path = Repository;
			sourceTree = "<group>";
		};
		EB7A9F282BBAFA5C004ABA96 /* UseCase */ = {
			isa = PBXGroup;
			children = (
				EB7A9F2F2BBAFD0A004ABA96 /* ProductUseCase.swift */,
				EBDC429F2BBCBD19007DFB4A /* ProductUseCaseProtocol.swift */,
			);
			path = UseCase;
			sourceTree = "<group>";
		};
		EB7A9F292BBAFA64004ABA96 /* ViewModel */ = {
			isa = PBXGroup;
			children = (
				EB7A9F2B2BBAFC04004ABA96 /* ProductVM.swift */,
			);
			path = ViewModel;
			sourceTree = "<group>";
		};
		EB7A9F2A2BBAFA6C004ABA96 /* View */ = {
			isa = PBXGroup;
			children = (
				EB01ABC52B95C4E200506A40 /* ViewController.swift */,
			);
			path = View;
			sourceTree = "<group>";
		};
		EB7A9F312BBB0EDE004ABA96 /* Network */ = {
			isa = PBXGroup;
			children = (
				EB7A9F322BBB0EF7004ABA96 /* APIEndpoints.swift */,
			);
			path = Network;
			sourceTree = "<group>";
		};
		EBDC429C2BBCAEDB007DFB4A /* DataSource */ = {
			isa = PBXGroup;
			children = (
				EBDC42A42BBCC181007DFB4A /* LocalDataSource */,
				EBDC42A32BBCC16D007DFB4A /* RemoteDataSource */,
			);
			path = DataSource;
			sourceTree = "<group>";
		};
		EBDC42A32BBCC16D007DFB4A /* RemoteDataSource */ = {
			isa = PBXGroup;
			children = (
				EB7A9F2D2BBAFC27004ABA96 /* ProductRemoteDataSource.swift */,
				EBDC42A52BBCC1AA007DFB4A /* ProductRemoteDataSourceProtocol.swift */,
			);
			path = RemoteDataSource;
			sourceTree = "<group>";
		};
		EBDC42A42BBCC181007DFB4A /* LocalDataSource */ = {
			isa = PBXGroup;
			children = (
				EB7A9F362BBB3B47004ABA96 /* ProductLocalDataSource.swift */,
				EBDC42A72BBCC21C007DFB4A /* ProductLocalDataSourceProtocol.swift */,
			);
			path = LocalDataSource;
			sourceTree = "<group>";
		};
		EBF48BA72BB2E428009CA4E0 /* Scene */ = {
			isa = PBXGroup;
			children = (
				EB67341A2BBAE52C0039492F /* Products */,
				EBF48BA82BB2E42D009CA4E0 /* Login */,
			);
			path = Scene;
			sourceTree = "<group>";
		};
		EBF48BA82BB2E42D009CA4E0 /* Login */ = {
			isa = PBXGroup;
			children = (
				EBF48BA92BB2E433009CA4E0 /* Model */,
				EBF48BAA2BB2E446009CA4E0 /* Repository */,
				EBF48BAB2BB2E45C009CA4E0 /* UseCase */,
				EBF48BAC2BB2E462009CA4E0 /* ViewModel */,
				EBF48BAD2BB2E468009CA4E0 /* View */,
			);
			path = Login;
			sourceTree = "<group>";
		};
		EBF48BA92BB2E433009CA4E0 /* Model */ = {
			isa = PBXGroup;
			children = (
				EBF48BCC2BB33163009CA4E0 /* Post.swift */,
				EBF48BBA2BB2F821009CA4E0 /* LoginResponse.swift */,
				EBF48BC22BB301F8009CA4E0 /* DummyAuthRequest.swift */,
			);
			path = Model;
			sourceTree = "<group>";
		};
		EBF48BAA2BB2E446009CA4E0 /* Repository */ = {
			isa = PBXGroup;
			children = (
				EBF48BB02BB2E4A6009CA4E0 /* PostRepository.swift */,
				EBF48BC42BB3020A009CA4E0 /* DummyAuthRepository.swift */,
			);
			path = Repository;
			sourceTree = "<group>";
		};
		EBF48BAB2BB2E45C009CA4E0 /* UseCase */ = {
			isa = PBXGroup;
			children = (
				EBF48BB32BB2ED66009CA4E0 /* FetchPostsUseCase.swift */,
				EBF48BC62BB3023A009CA4E0 /* FetchDummyAuthUseCase.swift */,
			);
			path = UseCase;
			sourceTree = "<group>";
		};
		EBF48BAC2BB2E462009CA4E0 /* ViewModel */ = {
			isa = PBXGroup;
			children = (
				EBF48BB52BB2EDFF009CA4E0 /* PostsViewModel.swift */,
				EBF48BC82BB3025D009CA4E0 /* DummyAuthViewModel.swift */,
			);
			path = ViewModel;
			sourceTree = "<group>";
		};
		EBF48BAD2BB2E468009CA4E0 /* View */ = {
			isa = PBXGroup;
			children = (
			);
			path = View;
			sourceTree = "<group>";
		};
/* End PBXGroup section */

/* Begin PBXNativeTarget section */
		EB01ABBD2B95C4E200506A40 /* XIBCustomView */ = {
			isa = PBXNativeTarget;
			buildConfigurationList = EB01ABD22B95C4E300506A40 /* Build configuration list for PBXNativeTarget "XIBCustomView" */;
			buildPhases = (
				EB01ABBA2B95C4E200506A40 /* Sources */,
				EB01ABBB2B95C4E200506A40 /* Frameworks */,
				EB01ABBC2B95C4E200506A40 /* Resources */,
			);
			buildRules = (
			);
			dependencies = (
			);
			name = XIBCustomView;
			packageProductDependencies = (
				EB0B975A2BA1E01000B98937 /* UtilityLibrary */,
			);
			productName = XIBCustomView;
			productReference = EB01ABBE2B95C4E200506A40 /* XIBCustomView.app */;
			productType = "com.apple.product-type.application";
		};
/* End PBXNativeTarget section */

/* Begin PBXProject section */
		EB01ABB62B95C4E200506A40 /* Project object */ = {
			isa = PBXProject;
			attributes = {
				BuildIndependentTargetsInParallel = 1;
				LastSwiftUpdateCheck = 1520;
				LastUpgradeCheck = 1520;
				TargetAttributes = {
					EB01ABBD2B95C4E200506A40 = {
						CreatedOnToolsVersion = 15.2;
					};
				};
			};
			buildConfigurationList = EB01ABB92B95C4E200506A40 /* Build configuration list for PBXProject "XIBCustomView" */;
			compatibilityVersion = "Xcode 14.0";
			developmentRegion = en;
			hasScannedForEncodings = 0;
			knownRegions = (
				en,
				Base,
			);
			mainGroup = EB01ABB52B95C4E200506A40;
			packageReferences = (
				EB0B97592BA1E01000B98937 /* XCLocalSwiftPackageReference "../UtilityLibrary" */,
			);
			productRefGroup = EB01ABBF2B95C4E200506A40 /* Products */;
			projectDirPath = "";
			projectRoot = "";
			targets = (
				EB01ABBD2B95C4E200506A40 /* XIBCustomView */,
			);
		};
/* End PBXProject section */

/* Begin PBXResourcesBuildPhase section */
		EB01ABBC2B95C4E200506A40 /* Resources */ = {
			isa = PBXResourcesBuildPhase;
			buildActionMask = 2147483647;
			files = (
				EB01ABCE2B95C4E300506A40 /* LaunchScreen.storyboard in Resources */,
				EB01ABD62B95C4FA00506A40 /* CustomView.xib in Resources */,
				EB56ADA92B9758E1009C9509 /* CustomLogoView.xib in Resources */,
				EB01ABCB2B95C4E300506A40 /* Assets.xcassets in Resources */,
				EB01ABC92B95C4E200506A40 /* Main.storyboard in Resources */,
				EB56ADA52B975568009C9509 /* CustomButtonView.xib in Resources */,
			);
			runOnlyForDeploymentPostprocessing = 0;
		};
/* End PBXResourcesBuildPhase section */

/* Begin PBXSourcesBuildPhase section */
		EB01ABBA2B95C4E200506A40 /* Sources */ = {
			isa = PBXSourcesBuildPhase;
			buildActionMask = 2147483647;
			files = (
				EB67341E2BBAE56C0039492F /* Product.swift in Sources */,
				EBF48BC32BB301F8009CA4E0 /* DummyAuthRequest.swift in Sources */,
				EB56ADA32B975556009C9509 /* CustomButtonView.swift in Sources */,
				EB7A9F372BBB3B47004ABA96 /* ProductLocalDataSource.swift in Sources */,
				EB7A9F332BBB0EF7004ABA96 /* APIEndpoints.swift in Sources */,
				EBF48BC92BB3025D009CA4E0 /* DummyAuthViewModel.swift in Sources */,
				EBF48BB12BB2E4A6009CA4E0 /* PostRepository.swift in Sources */,
				EBF48BCD2BB33163009CA4E0 /* Post.swift in Sources */,
				EBDC42A62BBCC1AA007DFB4A /* ProductRemoteDataSourceProtocol.swift in Sources */,
				EB01ABC62B95C4E200506A40 /* ViewController.swift in Sources */,
				EB56AD9D2B9715D8009C9509 /* ColorHelper.swift in Sources */,
				EB7A9F2C2BBAFC04004ABA96 /* ProductVM.swift in Sources */,
				EBDC42A02BBCBD19007DFB4A /* ProductUseCaseProtocol.swift in Sources */,
				EBDC42A82BBCC21C007DFB4A /* ProductLocalDataSourceProtocol.swift in Sources */,
				EBDC429E2BBCAF9D007DFB4A /* ProductRepository.swift in Sources */,
				EB7A9F302BBAFD0A004ABA96 /* ProductUseCase.swift in Sources */,
				EBF48BB42BB2ED66009CA4E0 /* FetchPostsUseCase.swift in Sources */,
				EBF48BC52BB3020A009CA4E0 /* DummyAuthRepository.swift in Sources */,
				EBF48BBB2BB2F821009CA4E0 /* LoginResponse.swift in Sources */,
				EB01ABD82B95C63F00506A40 /* CustomView.swift in Sources */,
				EBDC42A22BBCBF22007DFB4A /* ProductRepositoryProtocol.swift in Sources */,
				EB7A9F262BBAF3EA004ABA96 /* CoreDataStorageManager.swift in Sources */,
				EBF48BC72BB3023A009CA4E0 /* FetchDummyAuthUseCase.swift in Sources */,
				EB01ABC22B95C4E200506A40 /* AppDelegate.swift in Sources */,
				EB7A9F2E2BBAFC27004ABA96 /* ProductRemoteDataSource.swift in Sources */,
				EB57F2F72BBC399300E052F8 /* CoreDataStorageManagerProtocol.swift in Sources */,
				EB01ABC42B95C4E200506A40 /* SceneDelegate.swift in Sources */,
				EBF48BB62BB2EDFF009CA4E0 /* PostsViewModel.swift in Sources */,
				EB56ADA72B9758D0009C9509 /* CustomLogoView.swift in Sources */,
				EB6734192BBAD4BD0039492F /* CoreDataStorage.xcdatamodeld in Sources */,
				EB56AD9F2B972E73009C9509 /* ImageHelper.swift in Sources */,
			);
			runOnlyForDeploymentPostprocessing = 0;
		};
/* End PBXSourcesBuildPhase section */

/* Begin PBXVariantGroup section */
		EB01ABC72B95C4E200506A40 /* Main.storyboard */ = {
			isa = PBXVariantGroup;
			children = (
				EB01ABC82B95C4E200506A40 /* Base */,
			);
			name = Main.storyboard;
			sourceTree = "<group>";
		};
		EB01ABCC2B95C4E300506A40 /* LaunchScreen.storyboard */ = {
			isa = PBXVariantGroup;
			children = (
				EB01ABCD2B95C4E300506A40 /* Base */,
			);
			name = LaunchScreen.storyboard;
			sourceTree = "<group>";
		};
/* End PBXVariantGroup section */

/* Begin XCBuildConfiguration section */
		EB01ABD02B95C4E300506A40 /* Debug */ = {
			isa = XCBuildConfiguration;
			buildSettings = {
				ALWAYS_SEARCH_USER_PATHS = NO;
				ASSETCATALOG_COMPILER_GENERATE_SWIFT_ASSET_SYMBOL_EXTENSIONS = YES;
				CLANG_ANALYZER_NONNULL = YES;
				CLANG_ANALYZER_NUMBER_OBJECT_CONVERSION = YES_AGGRESSIVE;
				CLANG_CXX_LANGUAGE_STANDARD = "gnu++20";
				CLANG_ENABLE_MODULES = YES;
				CLANG_ENABLE_OBJC_ARC = YES;
				CLANG_ENABLE_OBJC_WEAK = YES;
				CLANG_WARN_BLOCK_CAPTURE_AUTORELEASING = YES;
				CLANG_WARN_BOOL_CONVERSION = YES;
				CLANG_WARN_COMMA = YES;
				CLANG_WARN_CONSTANT_CONVERSION = YES;
				CLANG_WARN_DEPRECATED_OBJC_IMPLEMENTATIONS = YES;
				CLANG_WARN_DIRECT_OBJC_ISA_USAGE = YES_ERROR;
				CLANG_WARN_DOCUMENTATION_COMMENTS = YES;
				CLANG_WARN_EMPTY_BODY = YES;
				CLANG_WARN_ENUM_CONVERSION = YES;
				CLANG_WARN_INFINITE_RECURSION = YES;
				CLANG_WARN_INT_CONVERSION = YES;
				CLANG_WARN_NON_LITERAL_NULL_CONVERSION = YES;
				CLANG_WARN_OBJC_IMPLICIT_RETAIN_SELF = YES;
				CLANG_WARN_OBJC_LITERAL_CONVERSION = YES;
				CLANG_WARN_OBJC_ROOT_CLASS = YES_ERROR;
				CLANG_WARN_QUOTED_INCLUDE_IN_FRAMEWORK_HEADER = YES;
				CLANG_WARN_RANGE_LOOP_ANALYSIS = YES;
				CLANG_WARN_STRICT_PROTOTYPES = YES;
				CLANG_WARN_SUSPICIOUS_MOVE = YES;
				CLANG_WARN_UNGUARDED_AVAILABILITY = YES_AGGRESSIVE;
				CLANG_WARN_UNREACHABLE_CODE = YES;
				CLANG_WARN__DUPLICATE_METHOD_MATCH = YES;
				COPY_PHASE_STRIP = NO;
				DEBUG_INFORMATION_FORMAT = dwarf;
				ENABLE_STRICT_OBJC_MSGSEND = YES;
				ENABLE_TESTABILITY = YES;
				ENABLE_USER_SCRIPT_SANDBOXING = YES;
				GCC_C_LANGUAGE_STANDARD = gnu17;
				GCC_DYNAMIC_NO_PIC = NO;
				GCC_NO_COMMON_BLOCKS = YES;
				GCC_OPTIMIZATION_LEVEL = 0;
				GCC_PREPROCESSOR_DEFINITIONS = (
					"DEBUG=1",
					"$(inherited)",
				);
				GCC_WARN_64_TO_32_BIT_CONVERSION = YES;
				GCC_WARN_ABOUT_RETURN_TYPE = YES_ERROR;
				GCC_WARN_UNDECLARED_SELECTOR = YES;
				GCC_WARN_UNINITIALIZED_AUTOS = YES_AGGRESSIVE;
				GCC_WARN_UNUSED_FUNCTION = YES;
				GCC_WARN_UNUSED_VARIABLE = YES;
				IPHONEOS_DEPLOYMENT_TARGET = 17.2;
				LOCALIZATION_PREFERS_STRING_CATALOGS = YES;
				MTL_ENABLE_DEBUG_INFO = INCLUDE_SOURCE;
				MTL_FAST_MATH = YES;
				ONLY_ACTIVE_ARCH = YES;
				SDKROOT = iphoneos;
				SWIFT_ACTIVE_COMPILATION_CONDITIONS = "DEBUG $(inherited)";
				SWIFT_OPTIMIZATION_LEVEL = "-Onone";
			};
			name = Debug;
		};
		EB01ABD12B95C4E300506A40 /* Release */ = {
			isa = XCBuildConfiguration;
			buildSettings = {
				ALWAYS_SEARCH_USER_PATHS = NO;
				ASSETCATALOG_COMPILER_GENERATE_SWIFT_ASSET_SYMBOL_EXTENSIONS = YES;
				CLANG_ANALYZER_NONNULL = YES;
				CLANG_ANALYZER_NUMBER_OBJECT_CONVERSION = YES_AGGRESSIVE;
				CLANG_CXX_LANGUAGE_STANDARD = "gnu++20";
				CLANG_ENABLE_MODULES = YES;
				CLANG_ENABLE_OBJC_ARC = YES;
				CLANG_ENABLE_OBJC_WEAK = YES;
				CLANG_WARN_BLOCK_CAPTURE_AUTORELEASING = YES;
				CLANG_WARN_BOOL_CONVERSION = YES;
				CLANG_WARN_COMMA = YES;
				CLANG_WARN_CONSTANT_CONVERSION = YES;
				CLANG_WARN_DEPRECATED_OBJC_IMPLEMENTATIONS = YES;
				CLANG_WARN_DIRECT_OBJC_ISA_USAGE = YES_ERROR;
				CLANG_WARN_DOCUMENTATION_COMMENTS = YES;
				CLANG_WARN_EMPTY_BODY = YES;
				CLANG_WARN_ENUM_CONVERSION = YES;
				CLANG_WARN_INFINITE_RECURSION = YES;
				CLANG_WARN_INT_CONVERSION = YES;
				CLANG_WARN_NON_LITERAL_NULL_CONVERSION = YES;
				CLANG_WARN_OBJC_IMPLICIT_RETAIN_SELF = YES;
				CLANG_WARN_OBJC_LITERAL_CONVERSION = YES;
				CLANG_WARN_OBJC_ROOT_CLASS = YES_ERROR;
				CLANG_WARN_QUOTED_INCLUDE_IN_FRAMEWORK_HEADER = YES;
				CLANG_WARN_RANGE_LOOP_ANALYSIS = YES;
				CLANG_WARN_STRICT_PROTOTYPES = YES;
				CLANG_WARN_SUSPICIOUS_MOVE = YES;
				CLANG_WARN_UNGUARDED_AVAILABILITY = YES_AGGRESSIVE;
				CLANG_WARN_UNREACHABLE_CODE = YES;
				CLANG_WARN__DUPLICATE_METHOD_MATCH = YES;
				COPY_PHASE_STRIP = NO;
				DEBUG_INFORMATION_FORMAT = "dwarf-with-dsym";
				ENABLE_NS_ASSERTIONS = NO;
				ENABLE_STRICT_OBJC_MSGSEND = YES;
				ENABLE_USER_SCRIPT_SANDBOXING = YES;
				GCC_C_LANGUAGE_STANDARD = gnu17;
				GCC_NO_COMMON_BLOCKS = YES;
				GCC_WARN_64_TO_32_BIT_CONVERSION = YES;
				GCC_WARN_ABOUT_RETURN_TYPE = YES_ERROR;
				GCC_WARN_UNDECLARED_SELECTOR = YES;
				GCC_WARN_UNINITIALIZED_AUTOS = YES_AGGRESSIVE;
				GCC_WARN_UNUSED_FUNCTION = YES;
				GCC_WARN_UNUSED_VARIABLE = YES;
				IPHONEOS_DEPLOYMENT_TARGET = 17.2;
				LOCALIZATION_PREFERS_STRING_CATALOGS = YES;
				MTL_ENABLE_DEBUG_INFO = NO;
				MTL_FAST_MATH = YES;
				SDKROOT = iphoneos;
				SWIFT_COMPILATION_MODE = wholemodule;
				VALIDATE_PRODUCT = YES;
			};
			name = Release;
		};
		EB01ABD32B95C4E300506A40 /* Debug */ = {
			isa = XCBuildConfiguration;
			buildSettings = {
				ASSETCATALOG_COMPILER_APPICON_NAME = AppIcon;
				ASSETCATALOG_COMPILER_GLOBAL_ACCENT_COLOR_NAME = AccentColor;
				CODE_SIGN_STYLE = Automatic;
				CURRENT_PROJECT_VERSION = 1;
				DEVELOPMENT_TEAM = 9B88B7L532;
				GENERATE_INFOPLIST_FILE = YES;
				INFOPLIST_FILE = XIBCustomView/Info.plist;
				INFOPLIST_KEY_UIApplicationSupportsIndirectInputEvents = YES;
				INFOPLIST_KEY_UILaunchStoryboardName = LaunchScreen;
				INFOPLIST_KEY_UIMainStoryboardFile = Main;
				INFOPLIST_KEY_UISupportedInterfaceOrientations_iPad = "UIInterfaceOrientationPortrait UIInterfaceOrientationPortraitUpsideDown UIInterfaceOrientationLandscapeLeft UIInterfaceOrientationLandscapeRight";
				INFOPLIST_KEY_UISupportedInterfaceOrientations_iPhone = "UIInterfaceOrientationPortrait UIInterfaceOrientationLandscapeLeft UIInterfaceOrientationLandscapeRight";
				LD_RUNPATH_SEARCH_PATHS = (
					"$(inherited)",
					"@executable_path/Frameworks",
				);
				MARKETING_VERSION = 1.0;
				PRODUCT_BUNDLE_IDENTIFIER = com.hemeda.XIBCustomView;
				PRODUCT_NAME = "$(TARGET_NAME)";
				SWIFT_EMIT_LOC_STRINGS = YES;
				SWIFT_VERSION = 5.0;
				TARGETED_DEVICE_FAMILY = "1,2";
			};
			name = Debug;
		};
		EB01ABD42B95C4E300506A40 /* Release */ = {
			isa = XCBuildConfiguration;
			buildSettings = {
				ASSETCATALOG_COMPILER_APPICON_NAME = AppIcon;
				ASSETCATALOG_COMPILER_GLOBAL_ACCENT_COLOR_NAME = AccentColor;
				CODE_SIGN_STYLE = Automatic;
				CURRENT_PROJECT_VERSION = 1;
				DEVELOPMENT_TEAM = 9B88B7L532;
				GENERATE_INFOPLIST_FILE = YES;
				INFOPLIST_FILE = XIBCustomView/Info.plist;
				INFOPLIST_KEY_UIApplicationSupportsIndirectInputEvents = YES;
				INFOPLIST_KEY_UILaunchStoryboardName = LaunchScreen;
				INFOPLIST_KEY_UIMainStoryboardFile = Main;
				INFOPLIST_KEY_UISupportedInterfaceOrientations_iPad = "UIInterfaceOrientationPortrait UIInterfaceOrientationPortraitUpsideDown UIInterfaceOrientationLandscapeLeft UIInterfaceOrientationLandscapeRight";
				INFOPLIST_KEY_UISupportedInterfaceOrientations_iPhone = "UIInterfaceOrientationPortrait UIInterfaceOrientationLandscapeLeft UIInterfaceOrientationLandscapeRight";
				LD_RUNPATH_SEARCH_PATHS = (
					"$(inherited)",
					"@executable_path/Frameworks",
				);
				MARKETING_VERSION = 1.0;
				PRODUCT_BUNDLE_IDENTIFIER = com.hemeda.XIBCustomView;
				PRODUCT_NAME = "$(TARGET_NAME)";
				SWIFT_EMIT_LOC_STRINGS = YES;
				SWIFT_VERSION = 5.0;
				TARGETED_DEVICE_FAMILY = "1,2";
			};
			name = Release;
		};
/* End XCBuildConfiguration section */

/* Begin XCConfigurationList section */
		EB01ABB92B95C4E200506A40 /* Build configuration list for PBXProject "XIBCustomView" */ = {
			isa = XCConfigurationList;
			buildConfigurations = (
				EB01ABD02B95C4E300506A40 /* Debug */,
				EB01ABD12B95C4E300506A40 /* Release */,
			);
			defaultConfigurationIsVisible = 0;
			defaultConfigurationName = Release;
		};
		EB01ABD22B95C4E300506A40 /* Build configuration list for PBXNativeTarget "XIBCustomView" */ = {
			isa = XCConfigurationList;
			buildConfigurations = (
				EB01ABD32B95C4E300506A40 /* Debug */,
				EB01ABD42B95C4E300506A40 /* Release */,
			);
			defaultConfigurationIsVisible = 0;
			defaultConfigurationName = Release;
		};
/* End XCConfigurationList section */

/* Begin XCLocalSwiftPackageReference section */
		EB0B97592BA1E01000B98937 /* XCLocalSwiftPackageReference "../UtilityLibrary" */ = {
			isa = XCLocalSwiftPackageReference;
			relativePath = ../UtilityLibrary;
		};
/* End XCLocalSwiftPackageReference section */

/* Begin XCSwiftPackageProductDependency section */
		EB0B975A2BA1E01000B98937 /* UtilityLibrary */ = {
			isa = XCSwiftPackageProductDependency;
			productName = UtilityLibrary;
		};
/* End XCSwiftPackageProductDependency section */

/* Begin XCVersionGroup section */
		EB6734172BBAD4BD0039492F /* CoreDataStorage.xcdatamodeld */ = {
			isa = XCVersionGroup;
			children = (
				EB6734182BBAD4BD0039492F /* CoreDataStorage.xcdatamodel */,
			);
			currentVersion = EB6734182BBAD4BD0039492F /* CoreDataStorage.xcdatamodel */;
			name = CoreDataStorage.xcdatamodeld;
			path = /Users/ahmadhemeda/Desktop/Development/SolutionPlus/XIBCustomView/XIBCustomView/Data/CoreDataStorage/CoreDataStorage.xcdatamodeld;
			sourceTree = "<group>";
			versionGroupType = wrapper.xcdatamodel;
		};
/* End XCVersionGroup section */
	};
	rootObject = EB01ABB62B95C4E200506A40 /* Project object */;
}
