{
  "pins" : [
    {
      "identity" : "utilitylibrary",
      "kind" : "remoteSourceControl",
      "location" : "https://github.com/AhmadHemeda/UtilityLibrary.git",
      "state" : {
        "branch" : "main",
        "revision" : "093be2fd3b88085ea9b29e4b4823accf20ec3260"
      }
    }
  ],
  "version" : 2
}
